
Microsoft Visual Studio Solution File, Format Version 12.00
# Visual Studio 15
VisualStudioVersion = 15.0.27130.2027
MinimumVisualStudioVersion = 10.0.40219.1
Project("{FAE04EC0-301F-11D3-BF4B-00C04F79EFBC}") = "comic-book-gallery", "comic-book-gallery\comic-book-gallery.csproj", "{67D9342B-4CC0-4EBD-8B01-04129DD99F2B}"
EndProject
Global
	GlobalSection(SolutionConfigurationPlatforms) = preSolution
		Debug|Any CPU = Debug|Any CPU
		Release|Any CPU = Release|Any CPU
	EndGlobalSection
	GlobalSection(ProjectConfigurationPlatforms) = postSolution
		{67D9342B-4CC0-4EBD-8B01-04129DD99F2B}.Debug|Any CPU.ActiveCfg = Debug|Any CPU
		{67D9342B-4CC0-4EBD-8B01-04129DD99F2B}.Debug|Any CPU.Build.0 = Debug|Any CPU
		{67D9342B-4CC0-4EBD-8B01-04129DD99F2B}.Release|Any CPU.ActiveCfg = Release|Any CPU
		{67D9342B-4CC0-4EBD-8B01-04129DD99F2B}.Release|Any CPU.Build.0 = Release|Any CPU
	EndGlobalSection
	GlobalSection(SolutionProperties) = preSolution
		HideSolutionNode = FALSE
	EndGlobalSection
	GlobalSection(ExtensibilityGlobals) = postSolution
		SolutionGuid = {F12A0A62-5147-4EEE-9F4F-EBFA98238F2F}
	EndGlobalSection
EndGlobal
